{
  "name": "tfjs-wechat-demo",
  "version": "1.0.0",
  "lockfileVersion": 1,
  "requires": true,
  "dependencies": {
    "@tensorflow-models/body-pix": {
      "version": "2.0.4",
      "resolved": "https://registry.npm.taobao.org/@tensorflow-models/body-pix/download/@tensorflow-models/body-pix-2.0.4.tgz",
      "integrity": "sha1-Ae9a2+SLRpwRjd3GqorMoy1467E="
    },
    "@tensorflow-models/coco-ssd": {
      "version": "2.0.1",
      "resolved": "https://registry.npm.taobao.org/@tensorflow-models/coco-ssd/download/@tensorflow-models/coco-ssd-2.0.1.tgz",
      "integrity": "sha1-mbkNGIIa5CyqnD5sLa2RL5EoIoc="
    },
    "@tensorflow-models/posenet": {
      "version": "2.2.1",
      "resolved": "https://registry.npm.taobao.org/@tensorflow-models/posenet/download/@tensorflow-models/posenet-2.2.1.tgz",
      "integrity": "sha1-Lwpo2QmEL1nuwZXyPG89TOvFP6g="
    },
    "@tensorflow/tfjs-converter": {
      "version": "1.4.0",
      "resolved": "https://registry.npm.taobao.org/@tensorflow/tfjs-converter/download/@tensorflow/tfjs-converter-1.4.0.tgz",
      "integrity": "sha1-yGTt0ux8yJ0//VOFTnlhL8Iw75c="
    },
    "@tensorflow/tfjs-core": {
      "version": "1.4.0",
      "resolved": "https://registry.npm.taobao.org/@tensorflow/tfjs-core/download/@tensorflow/tfjs-core-1.4.0.tgz",
      "integrity": "sha1-BFyR+Tyz6ndHO2ZMDR261nXX8EY=",
      "requires": {
        "@types/offscreencanvas": "~2019.3.0",
        "@types/seedrandom": "2.4.27",
        "@types/webgl-ext": "0.0.30",
        "@types/webgl2": "0.0.4",
        "node-fetch": "~2.1.2",
        "seedrandom": "2.4.3"
      }
    },
    "@types/offscreencanvas": {
      "version": "2019.3.0",
      "resolved": "https://registry.npm.taobao.org/@types/offscreencanvas/download/@types/offscreencanvas-2019.3.0.tgz",
      "integrity": "sha1-MzZCjsfpGAz0Vm3+pdoE61hqZVM="
    },
    "@types/seedrandom": {
      "version": "2.4.27",
      "resolved": "https://registry.npm.taobao.org/@types/seedrandom/download/@types/seedrandom-2.4.27.tgz",
      "integrity": "sha1-nbVjk33YaRX2kJK8QyWdL0hXjkE="
    },
    "@types/webgl-ext": {
      "version": "0.0.30",
      "resolved": "https://registry.npm.taobao.org/@types/webgl-ext/download/@types/webgl-ext-0.0.30.tgz",
      "integrity": "sha1-DOSYwWpBoj0VKJ4LhE2UWyXw+50="
    },
    "@types/webgl2": {
      "version": "0.0.4",
      "resolved": "https://registry.npm.taobao.org/@types/webgl2/download/@types/webgl2-0.0.4.tgz",
      "integrity": "sha1-w7D51rRlxmE46E5kyzvfg3PCwnk="
    },
    "fetch-wechat": {
      "version": "0.0.3",
      "resolved": "https://registry.npm.taobao.org/fetch-wechat/download/fetch-wechat-0.0.3.tgz",
      "integrity": "sha1-J4nDMqJL+fQRS1gMAtKTRkbnTxI="
    },
    "node-fetch": {
      "version": "2.1.2",
      "resolved": "https://registry.npm.taobao.org/node-fetch/download/node-fetch-2.1.2.tgz",
      "integrity": "sha1-q4hOjn5X44qUR1POxwb3iNF2i7U="
    },
    "seedrandom": {
      "version": "2.4.3",
      "resolved": "https://registry.npm.taobao.org/seedrandom/download/seedrandom-2.4.3.tgz",
      "integrity": "sha1-JDhQTa0zkXMUv/GKxNeU8W1qrsw="
    }
  }
}
